
Microsoft Visual Studio Solution File, Format Version 12.00
# Visual Studio Version 17
VisualStudioVersion = 17.10.35013.160
MinimumVisualStudioVersion = 10.0.40219.1
Project("{FAE04EC0-301F-11D3-BF4B-00C04F79EFBC}") = "WinForms - form using Regex class", "WinForms - form using Regex class.csproj", "{742AED7D-AC90-4EA0-A739-22697F61AF49}"
EndProject
Global
	GlobalSection(SolutionConfigurationPlatforms) = preSolution
		Debug|Any CPU = Debug|Any CPU
		Release|Any CPU = Release|Any CPU
	EndGlobalSection
	GlobalSection(ProjectConfigurationPlatforms) = postSolution
		{742AED7D-AC90-4EA0-A739-22697F61AF49}.Debug|Any CPU.ActiveCfg = Debug|Any CPU
		{742AED7D-AC90-4EA0-A739-22697F61AF49}.Debug|Any CPU.Build.0 = Debug|Any CPU
		{742AED7D-AC90-4EA0-A739-22697F61AF49}.Release|Any CPU.ActiveCfg = Release|Any CPU
		{742AED7D-AC90-4EA0-A739-22697F61AF49}.Release|Any CPU.Build.0 = Release|Any CPU
	EndGlobalSection
	GlobalSection(SolutionProperties) = preSolution
		HideSolutionNode = FALSE
	EndGlobalSection
	GlobalSection(ExtensibilityGlobals) = postSolution
		SolutionGuid = {6D14B11B-F5A2-464E-9AAE-CB9BBEC65081}
	EndGlobalSection
EndGlobal
