
Microsoft Visual Studio Solution File, Format Version 12.00
# Visual Studio Version 17
VisualStudioVersion = 17.14.36603.0 d17.14
MinimumVisualStudioVersion = 10.0.40219.1
Project("{FAE04EC0-301F-11D3-BF4B-00C04F79EFBC}") = "PacketSender", "PacketSender.csproj", "{7100F439-852E-4579-9D12-D45F3C412A49}"
EndProject
Global
	GlobalSection(SolutionConfigurationPlatforms) = preSolution
		Debug|Any CPU = Debug|Any CPU
		Release|Any CPU = Release|Any CPU
	EndGlobalSection
	GlobalSection(ProjectConfigurationPlatforms) = postSolution
		{7100F439-852E-4579-9D12-D45F3C412A49}.Debug|Any CPU.ActiveCfg = Debug|Any CPU
		{7100F439-852E-4579-9D12-D45F3C412A49}.Debug|Any CPU.Build.0 = Debug|Any CPU
		{7100F439-852E-4579-9D12-D45F3C412A49}.Release|Any CPU.ActiveCfg = Release|Any CPU
		{7100F439-852E-4579-9D12-D45F3C412A49}.Release|Any CPU.Build.0 = Release|Any CPU
	EndGlobalSection
	GlobalSection(SolutionProperties) = preSolution
		HideSolutionNode = FALSE
	EndGlobalSection
	GlobalSection(ExtensibilityGlobals) = postSolution
		SolutionGuid = {D7CFC5A9-A0B7-4C7E-B049-E62C4EF3FF4F}
	EndGlobalSection
EndGlobal
