
Microsoft Visual Studio Solution File, Format Version 12.00
# Visual Studio Version 17
VisualStudioVersion = 17.10.35013.160
MinimumVisualStudioVersion = 10.0.40219.1
Project("{FAE04EC0-301F-11D3-BF4B-00C04F79EFBC}") = "WinForms - database connection", "WinForms - database connection.csproj", "{A3E9AE30-D4BE-49AF-B99B-C0BE4842AFDA}"
EndProject
Global
	GlobalSection(SolutionConfigurationPlatforms) = preSolution
		Debug|Any CPU = Debug|Any CPU
		Release|Any CPU = Release|Any CPU
	EndGlobalSection
	GlobalSection(ProjectConfigurationPlatforms) = postSolution
		{A3E9AE30-D4BE-49AF-B99B-C0BE4842AFDA}.Debug|Any CPU.ActiveCfg = Debug|Any CPU
		{A3E9AE30-D4BE-49AF-B99B-C0BE4842AFDA}.Debug|Any CPU.Build.0 = Debug|Any CPU
		{A3E9AE30-D4BE-49AF-B99B-C0BE4842AFDA}.Release|Any CPU.ActiveCfg = Release|Any CPU
		{A3E9AE30-D4BE-49AF-B99B-C0BE4842AFDA}.Release|Any CPU.Build.0 = Release|Any CPU
	EndGlobalSection
	GlobalSection(SolutionProperties) = preSolution
		HideSolutionNode = FALSE
	EndGlobalSection
	GlobalSection(ExtensibilityGlobals) = postSolution
		SolutionGuid = {D385F37D-2B24-4BC1-B0CD-A6999600D28F}
	EndGlobalSection
EndGlobal
