
Microsoft Visual Studio Solution File, Format Version 12.00
# Visual Studio Version 17
VisualStudioVersion = 17.14.36603.0 d17.14
MinimumVisualStudioVersion = 10.0.40219.1
Project("{FAE04EC0-301F-11D3-BF4B-00C04F79EFBC}") = "ViewModel1", "ViewModel1.csproj", "{029B3AE1-982F-4DED-9EDF-A5884B3B13DB}"
EndProject
Global
	GlobalSection(SolutionConfigurationPlatforms) = preSolution
		Debug|Any CPU = Debug|Any CPU
		Release|Any CPU = Release|Any CPU
	EndGlobalSection
	GlobalSection(ProjectConfigurationPlatforms) = postSolution
		{029B3AE1-982F-4DED-9EDF-A5884B3B13DB}.Debug|Any CPU.ActiveCfg = Debug|Any CPU
		{029B3AE1-982F-4DED-9EDF-A5884B3B13DB}.Debug|Any CPU.Build.0 = Debug|Any CPU
		{029B3AE1-982F-4DED-9EDF-A5884B3B13DB}.Release|Any CPU.ActiveCfg = Release|Any CPU
		{029B3AE1-982F-4DED-9EDF-A5884B3B13DB}.Release|Any CPU.Build.0 = Release|Any CPU
	EndGlobalSection
	GlobalSection(SolutionProperties) = preSolution
		HideSolutionNode = FALSE
	EndGlobalSection
	GlobalSection(ExtensibilityGlobals) = postSolution
		SolutionGuid = {36BC9B2E-6BF8-4EE1-98B1-C03BF111FCEA}
	EndGlobalSection
EndGlobal
