
Microsoft Visual Studio Solution File, Format Version 12.00
# Visual Studio Version 17
VisualStudioVersion = 17.10.35013.160
MinimumVisualStudioVersion = 10.0.40219.1
Project("{FAE04EC0-301F-11D3-BF4B-00C04F79EFBC}") = "Project_2_winForms", "Project_2_winForms.csproj", "{11E932F6-54B7-4A55-8DEB-C2173117CE0F}"
EndProject
Global
	GlobalSection(SolutionConfigurationPlatforms) = preSolution
		Debug|Any CPU = Debug|Any CPU
		Release|Any CPU = Release|Any CPU
	EndGlobalSection
	GlobalSection(ProjectConfigurationPlatforms) = postSolution
		{11E932F6-54B7-4A55-8DEB-C2173117CE0F}.Debug|Any CPU.ActiveCfg = Debug|Any CPU
		{11E932F6-54B7-4A55-8DEB-C2173117CE0F}.Debug|Any CPU.Build.0 = Debug|Any CPU
		{11E932F6-54B7-4A55-8DEB-C2173117CE0F}.Release|Any CPU.ActiveCfg = Release|Any CPU
		{11E932F6-54B7-4A55-8DEB-C2173117CE0F}.Release|Any CPU.Build.0 = Release|Any CPU
	EndGlobalSection
	GlobalSection(SolutionProperties) = preSolution
		HideSolutionNode = FALSE
	EndGlobalSection
	GlobalSection(ExtensibilityGlobals) = postSolution
		SolutionGuid = {A906DD6C-597E-4DBC-8570-B297C1397A32}
	EndGlobalSection
EndGlobal
