
Microsoft Visual Studio Solution File, Format Version 12.00
# Visual Studio Version 17
VisualStudioVersion = 17.14.36603.0 d17.14
MinimumVisualStudioVersion = 10.0.40219.1
Project("{FAE04EC0-301F-11D3-BF4B-00C04F79EFBC}") = "EntityFrameworkDB1", "EntityFrameworkDB1.csproj", "{89A3E785-2DB4-4685-A341-19847E079AC8}"
EndProject
Global
	GlobalSection(SolutionConfigurationPlatforms) = preSolution
		Debug|Any CPU = Debug|Any CPU
		Release|Any CPU = Release|Any CPU
	EndGlobalSection
	GlobalSection(ProjectConfigurationPlatforms) = postSolution
		{89A3E785-2DB4-4685-A341-19847E079AC8}.Debug|Any CPU.ActiveCfg = Debug|Any CPU
		{89A3E785-2DB4-4685-A341-19847E079AC8}.Debug|Any CPU.Build.0 = Debug|Any CPU
		{89A3E785-2DB4-4685-A341-19847E079AC8}.Release|Any CPU.ActiveCfg = Release|Any CPU
		{89A3E785-2DB4-4685-A341-19847E079AC8}.Release|Any CPU.Build.0 = Release|Any CPU
	EndGlobalSection
	GlobalSection(SolutionProperties) = preSolution
		HideSolutionNode = FALSE
	EndGlobalSection
	GlobalSection(ExtensibilityGlobals) = postSolution
		SolutionGuid = {F8BFFE5D-70A1-4AE9-9F5A-AF03250DF275}
	EndGlobalSection
EndGlobal
